// !$*UTF8*$!
{
	archiveVersion = 1;
	classes = {
	};
	objectVersion = 77;
	objects = {

/* Begin PBXBuildFile section */
		47FF52D42F54D4C00074A26A /* WidgetKit.framework in Frameworks */ = {isa = PBXBuildFile; fileRef = 478FA0F32F54B5CB001E3B93 /* WidgetKit.framework */; };
		47FF52D52F54D4C00074A26A /* SwiftUI.framework in Frameworks */ = {isa = PBXBuildFile; fileRef = 478FA0F52F54B5CB001E3B93 /* SwiftUI.framework */; };
		47FF52E62F54D4C10074A26A /* LevelElevenWidgetExtension.appex in Embed Foundation Extensions */ = {isa = PBXBuildFile; fileRef = 47FF52D32F54D4C00074A26A /* LevelElevenWidgetExtension.appex */; settings = {ATTRIBUTES = (RemoveHeadersOnCopy, ); }; };
/* End PBXBuildFile section */

/* Begin PBXContainerItemProxy section */
		47075A7F2F0AFC7C00275F98 /* PBXContainerItemProxy */ = {
			isa = PBXContainerItemProxy;
			containerPortal = 47075A692F0AFC7A00275F98 /* Project object */;
			proxyType = 1;
			remoteGlobalIDString = 47075A702F0AFC7A00275F98;
			remoteInfo = LevelEleven;
		};
		47075A892F0AFC7C00275F98 /* PBXContainerItemProxy */ = {
			isa = PBXContainerItemProxy;
			containerPortal = 47075A692F0AFC7A00275F98 /* Project object */;
			proxyType = 1;
			remoteGlobalIDString = 47075A702F0AFC7A00275F98;
			remoteInfo = LevelEleven;
		};
		47FF52E42F54D4C10074A26A /* PBXContainerItemProxy */ = {
			isa = PBXContainerItemProxy;
			containerPortal = 47075A692F0AFC7A00275F98 /* Project object */;
			proxyType = 1;
			remoteGlobalIDString = 47FF52D22F54D4C00074A26A;
			remoteInfo = LevelElevenWidgetExtension;
		};
/* End PBXContainerItemProxy section */

/* Begin PBXCopyFilesBuildPhase section */
		478FA1082F54B5CC001E3B93 /* Embed Foundation Extensions */ = {
			isa = PBXCopyFilesBuildPhase;
			buildActionMask = 2147483647;
			dstPath = "";
			dstSubfolderSpec = 13;
			files = (
				47FF52E62F54D4C10074A26A /* LevelElevenWidgetExtension.appex in Embed Foundation Extensions */,
			);
			name = "Embed Foundation Extensions";
			runOnlyForDeploymentPostprocessing = 0;
		};
/* End PBXCopyFilesBuildPhase section */

/* Begin PBXFileReference section */
		47075A712F0AFC7A00275F98 /* LevelEleven.app */ = {isa = PBXFileReference; explicitFileType = wrapper.application; includeInIndex = 0; path = LevelEleven.app; sourceTree = BUILT_PRODUCTS_DIR; };
		47075A7E2F0AFC7C00275F98 /* LevelElevenTests.xctest */ = {isa = PBXFileReference; explicitFileType = wrapper.cfbundle; includeInIndex = 0; path = LevelElevenTests.xctest; sourceTree = BUILT_PRODUCTS_DIR; };
		47075A882F0AFC7C00275F98 /* LevelElevenUITests.xctest */ = {isa = PBXFileReference; explicitFileType = wrapper.cfbundle; includeInIndex = 0; path = LevelElevenUITests.xctest; sourceTree = BUILT_PRODUCTS_DIR; };
		478FA0F32F54B5CB001E3B93 /* WidgetKit.framework */ = {isa = PBXFileReference; lastKnownFileType = wrapper.framework; name = WidgetKit.framework; path = System/Library/Frameworks/WidgetKit.framework; sourceTree = SDKROOT; };
		478FA0F52F54B5CB001E3B93 /* SwiftUI.framework */ = {isa = PBXFileReference; lastKnownFileType = wrapper.framework; name = SwiftUI.framework; path = System/Library/Frameworks/SwiftUI.framework; sourceTree = SDKROOT; };
		47FF52D32F54D4C00074A26A /* LevelElevenWidgetExtension.appex */ = {isa = PBXFileReference; explicitFileType = "wrapper.app-extension"; includeInIndex = 0; path = LevelElevenWidgetExtension.appex; sourceTree = BUILT_PRODUCTS_DIR; };
/* End PBXFileReference section */

/* Begin PBXFileSystemSynchronizedBuildFileExceptionSet section */
		47FF52E72F54D4C10074A26A /* Exceptions for "LevelElevenWidget" folder in "LevelElevenWidgetExtension" target */ = {
			isa = PBXFileSystemSynchronizedBuildFileExceptionSet;
			membershipExceptions = (
				Info.plist,
			);
			target = 47FF52D22F54D4C00074A26A /* LevelElevenWidgetExtension */;
		};
		47FF52F02F54D50F0074A26A /* Exceptions for "LevelElevenWidget" folder in "LevelEleven" target */ = {
			isa = PBXFileSystemSynchronizedBuildFileExceptionSet;
			membershipExceptions = (
				BallerActivityAttributes.swift,
			);
			target = 47075A702F0AFC7A00275F98 /* LevelEleven */;
		};
		47FF52F32F54D5190074A26A /* Exceptions for "LevelEleven" folder in "LevelElevenWidgetExtension" target */ = {
			isa = PBXFileSystemSynchronizedBuildFileExceptionSet;
			membershipExceptions = (
				"Extensions/Color+Hex.swift",
				Extensions/Theme.swift,
			);
			target = 47FF52D22F54D4C00074A26A /* LevelElevenWidgetExtension */;
		};
		47FF52F82F54DC890074A26A /* Exceptions for "LevelEleven" folder in "LevelEleven" target */ = {
			isa = PBXFileSystemSynchronizedBuildFileExceptionSet;
			membershipExceptions = (
				Info.plist,
			);
			target = 47075A702F0AFC7A00275F98 /* LevelEleven */;
		};
/* End PBXFileSystemSynchronizedBuildFileExceptionSet section */

/* Begin PBXFileSystemSynchronizedRootGroup section */
		47075A732F0AFC7A00275F98 /* LevelEleven */ = {
			isa = PBXFileSystemSynchronizedRootGroup;
			exceptions = (
				47FF52F82F54DC890074A26A /* Exceptions for "LevelEleven" folder in "LevelEleven" target */,
				47FF52F32F54D5190074A26A /* Exceptions for "LevelEleven" folder in "LevelElevenWidgetExtension" target */,
			);
			path = LevelEleven;
			sourceTree = "<group>";
		};
		47075A812F0AFC7C00275F98 /* LevelElevenTests */ = {
			isa = PBXFileSystemSynchronizedRootGroup;
			path = LevelElevenTests;
			sourceTree = "<group>";
		};
		47075A8B2F0AFC7C00275F98 /* LevelElevenUITests */ = {
			isa = PBXFileSystemSynchronizedRootGroup;
			path = LevelElevenUITests;
			sourceTree = "<group>";
		};
		47FF52D62F54D4C00074A26A /* LevelElevenWidget */ = {
			isa = PBXFileSystemSynchronizedRootGroup;
			exceptions = (
				47FF52F02F54D50F0074A26A /* Exceptions for "LevelElevenWidget" folder in "LevelEleven" target */,
				47FF52E72F54D4C10074A26A /* Exceptions for "LevelElevenWidget" folder in "LevelElevenWidgetExtension" target */,
			);
			path = LevelElevenWidget;
			sourceTree = "<group>";
		};
/* End PBXFileSystemSynchronizedRootGroup section */

/* Begin PBXFrameworksBuildPhase section */
		47075A6E2F0AFC7A00275F98 /* Frameworks */ = {
			isa = PBXFrameworksBuildPhase;
			buildActionMask = 2147483647;
			files = (
			);
			runOnlyForDeploymentPostprocessing = 0;
		};
		47075A7B2F0AFC7C00275F98 /* Frameworks */ = {
			isa = PBXFrameworksBuildPhase;
			buildActionMask = 2147483647;
			files = (
			);
			runOnlyForDeploymentPostprocessing = 0;
		};
		47075A852F0AFC7C00275F98 /* Frameworks */ = {
			isa = PBXFrameworksBuildPhase;
			buildActionMask = 2147483647;
			files = (
			);
			runOnlyForDeploymentPostprocessing = 0;
		};
		47FF52D02F54D4C00074A26A /* Frameworks */ = {
			isa = PBXFrameworksBuildPhase;
			buildActionMask = 2147483647;
			files = (
				47FF52D52F54D4C00074A26A /* SwiftUI.framework in Frameworks */,
				47FF52D42F54D4C00074A26A /* WidgetKit.framework in Frameworks */,
			);
			runOnlyForDeploymentPostprocessing = 0;
		};
/* End PBXFrameworksBuildPhase section */

/* Begin PBXGroup section */
		47075A682F0AFC7A00275F98 = {
			isa = PBXGroup;
			children = (
				47075A732F0AFC7A00275F98 /* LevelEleven */,
				47075A812F0AFC7C00275F98 /* LevelElevenTests */,
				47075A8B2F0AFC7C00275F98 /* LevelElevenUITests */,
				47FF52D62F54D4C00074A26A /* LevelElevenWidget */,
				478FA0F22F54B5CB001E3B93 /* Frameworks */,
				47075A722F0AFC7A00275F98 /* Products */,
			);
			sourceTree = "<group>";
		};
		47075A722F0AFC7A00275F98 /* Products */ = {
			isa = PBXGroup;
			children = (
				47075A712F0AFC7A00275F98 /* LevelEleven.app */,
				47075A7E2F0AFC7C00275F98 /* LevelElevenTests.xctest */,
				47075A882F0AFC7C00275F98 /* LevelElevenUITests.xctest */,
				47FF52D32F54D4C00074A26A /* LevelElevenWidgetExtension.appex */,
			);
			name = Products;
			sourceTree = "<group>";
		};
		478FA0F22F54B5CB001E3B93 /* Frameworks */ = {
			isa = PBXGroup;
			children = (
				478FA0F32F54B5CB001E3B93 /* WidgetKit.framework */,
				478FA0F52F54B5CB001E3B93 /* SwiftUI.framework */,
			);
			name = Frameworks;
			sourceTree = "<group>";
		};
/* End PBXGroup section */

/* Begin PBXNativeTarget section */
		47075A702F0AFC7A00275F98 /* LevelEleven */ = {
			isa = PBXNativeTarget;
			buildConfigurationList = 47075A922F0AFC7C00275F98 /* Build configuration list for PBXNativeTarget "LevelEleven" */;
			buildPhases = (
				47075A6D2F0AFC7A00275F98 /* Sources */,
				47075A6E2F0AFC7A00275F98 /* Frameworks */,
				47075A6F2F0AFC7A00275F98 /* Resources */,
				478FA1082F54B5CC001E3B93 /* Embed Foundation Extensions */,
			);
			buildRules = (
			);
			dependencies = (
				47FF52E52F54D4C10074A26A /* PBXTargetDependency */,
			);
			fileSystemSynchronizedGroups = (
				47075A732F0AFC7A00275F98 /* LevelEleven */,
			);
			name = LevelEleven;
			packageProductDependencies = (
			);
			productName = LevelEleven;
			productReference = 47075A712F0AFC7A00275F98 /* LevelEleven.app */;
			productType = "com.apple.product-type.application";
		};
		47075A7D2F0AFC7C00275F98 /* LevelElevenTests */ = {
			isa = PBXNativeTarget;
			buildConfigurationList = 47075A952F0AFC7C00275F98 /* Build configuration list for PBXNativeTarget "LevelElevenTests" */;
			buildPhases = (
				47075A7A2F0AFC7C00275F98 /* Sources */,
				47075A7B2F0AFC7C00275F98 /* Frameworks */,
				47075A7C2F0AFC7C00275F98 /* Resources */,
			);
			buildRules = (
			);
			dependencies = (
				47075A802F0AFC7C00275F98 /* PBXTargetDependency */,
			);
			fileSystemSynchronizedGroups = (
				47075A812F0AFC7C00275F98 /* LevelElevenTests */,
			);
			name = LevelElevenTests;
			packageProductDependencies = (
			);
			productName = LevelElevenTests;
			productReference = 47075A7E2F0AFC7C00275F98 /* LevelElevenTests.xctest */;
			productType = "com.apple.product-type.bundle.unit-test";
		};
		47075A872F0AFC7C00275F98 /* LevelElevenUITests */ = {
			isa = PBXNativeTarget;
			buildConfigurationList = 47075A982F0AFC7C00275F98 /* Build configuration list for PBXNativeTarget "LevelElevenUITests" */;
			buildPhases = (
				47075A842F0AFC7C00275F98 /* Sources */,
				47075A852F0AFC7C00275F98 /* Frameworks */,
				47075A862F0AFC7C00275F98 /* Resources */,
			);
			buildRules = (
			);
			dependencies = (
				47075A8A2F0AFC7C00275F98 /* PBXTargetDependency */,
			);
			fileSystemSynchronizedGroups = (
				47075A8B2F0AFC7C00275F98 /* LevelElevenUITests */,
			);
			name = LevelElevenUITests;
			packageProductDependencies = (
			);
			productName = LevelElevenUITests;
			productReference = 47075A882F0AFC7C00275F98 /* LevelElevenUITests.xctest */;
			productType = "com.apple.product-type.bundle.ui-testing";
		};
		47FF52D22F54D4C00074A26A /* LevelElevenWidgetExtension */ = {
			isa = PBXNativeTarget;
			buildConfigurationList = 47FF52E82F54D4C10074A26A /* Build configuration list for PBXNativeTarget "LevelElevenWidgetExtension" */;
			buildPhases = (
				47FF52CF2F54D4C00074A26A /* Sources */,
				47FF52D02F54D4C00074A26A /* Frameworks */,
				47FF52D12F54D4C00074A26A /* Resources */,
			);
			buildRules = (
			);
			dependencies = (
			);
			fileSystemSynchronizedGroups = (
				47FF52D62F54D4C00074A26A /* LevelElevenWidget */,
			);
			name = LevelElevenWidgetExtension;
			packageProductDependencies = (
			);
			productName = LevelElevenWidgetExtension;
			productReference = 47FF52D32F54D4C00074A26A /* LevelElevenWidgetExtension.appex */;
			productType = "com.apple.product-type.app-extension";
		};
/* End PBXNativeTarget section */

/* Begin PBXProject section */
		47075A692F0AFC7A00275F98 /* Project object */ = {
			isa = PBXProject;
			attributes = {
				BuildIndependentTargetsInParallel = 1;
				LastSwiftUpdateCheck = 2630;
				LastUpgradeCheck = 2630;
				TargetAttributes = {
					47075A702F0AFC7A00275F98 = {
						CreatedOnToolsVersion = 26.2;
					};
					47075A7D2F0AFC7C00275F98 = {
						CreatedOnToolsVersion = 26.2;
						TestTargetID = 47075A702F0AFC7A00275F98;
					};
					47075A872F0AFC7C00275F98 = {
						CreatedOnToolsVersion = 26.2;
						TestTargetID = 47075A702F0AFC7A00275F98;
					};
					47FF52D22F54D4C00074A26A = {
						CreatedOnToolsVersion = 26.3;
						LastSwiftMigration = 2630;
					};
				};
			};
			buildConfigurationList = 47075A6C2F0AFC7A00275F98 /* Build configuration list for PBXProject "LevelEleven" */;
			developmentRegion = en;
			hasScannedForEncodings = 0;
			knownRegions = (
				en,
				Base,
			);
			mainGroup = 47075A682F0AFC7A00275F98;
			minimizedProjectReferenceProxies = 1;
			preferredProjectObjectVersion = 77;
			productRefGroup = 47075A722F0AFC7A00275F98 /* Products */;
			projectDirPath = "";
			projectRoot = "";
			targets = (
				47075A702F0AFC7A00275F98 /* LevelEleven */,
				47075A7D2F0AFC7C00275F98 /* LevelElevenTests */,
				47075A872F0AFC7C00275F98 /* LevelElevenUITests */,
				47FF52D22F54D4C00074A26A /* LevelElevenWidgetExtension */,
			);
		};
/* End PBXProject section */

/* Begin PBXResourcesBuildPhase section */
		47075A6F2F0AFC7A00275F98 /* Resources */ = {
			isa = PBXResourcesBuildPhase;
			buildActionMask = 2147483647;
			files = (
			);
			runOnlyForDeploymentPostprocessing = 0;
		};
		47075A7C2F0AFC7C00275F98 /* Resources */ = {
			isa = PBXResourcesBuildPhase;
			buildActionMask = 2147483647;
			files = (
			);
			runOnlyForDeploymentPostprocessing = 0;
		};
		47075A862F0AFC7C00275F98 /* Resources */ = {
			isa = PBXResourcesBuildPhase;
			buildActionMask = 2147483647;
			files = (
			);
			runOnlyForDeploymentPostprocessing = 0;
		};
		47FF52D12F54D4C00074A26A /* Resources */ = {
			isa = PBXResourcesBuildPhase;
			buildActionMask = 2147483647;
			files = (
			);
			runOnlyForDeploymentPostprocessing = 0;
		};
/* End PBXResourcesBuildPhase section */

/* Begin PBXSourcesBuildPhase section */
		47075A6D2F0AFC7A00275F98 /* Sources */ = {
			isa = PBXSourcesBuildPhase;
			buildActionMask = 2147483647;
			files = (
			);
			runOnlyForDeploymentPostprocessing = 0;
		};
		47075A7A2F0AFC7C00275F98 /* Sources */ = {
			isa = PBXSourcesBuildPhase;
			buildActionMask = 2147483647;
			files = (
			);
			runOnlyForDeploymentPostprocessing = 0;
		};
		47075A842F0AFC7C00275F98 /* Sources */ = {
			isa = PBXSourcesBuildPhase;
			buildActionMask = 2147483647;
			files = (
			);
			runOnlyForDeploymentPostprocessing = 0;
		};
		47FF52CF2F54D4C00074A26A /* Sources */ = {
			isa = PBXSourcesBuildPhase;
			buildActionMask = 2147483647;
			files = (
			);
			runOnlyForDeploymentPostprocessing = 0;
		};
/* End PBXSourcesBuildPhase section */

/* Begin PBXTargetDependency section */
		47075A802F0AFC7C00275F98 /* PBXTargetDependency */ = {
			isa = PBXTargetDependency;
			target = 47075A702F0AFC7A00275F98 /* LevelEleven */;
			targetProxy = 47075A7F2F0AFC7C00275F98 /* PBXContainerItemProxy */;
		};
		47075A8A2F0AFC7C00275F98 /* PBXTargetDependency */ = {
			isa = PBXTargetDependency;
			target = 47075A702F0AFC7A00275F98 /* LevelEleven */;
			targetProxy = 47075A892F0AFC7C00275F98 /* PBXContainerItemProxy */;
		};
		47FF52E52F54D4C10074A26A /* PBXTargetDependency */ = {
			isa = PBXTargetDependency;
			target = 47FF52D22F54D4C00074A26A /* LevelElevenWidgetExtension */;
			targetProxy = 47FF52E42F54D4C10074A26A /* PBXContainerItemProxy */;
		};
/* End PBXTargetDependency section */

/* Begin XCBuildConfiguration section */
		47075A902F0AFC7C00275F98 /* Debug */ = {
			isa = XCBuildConfiguration;
			buildSettings = {
				ALWAYS_SEARCH_USER_PATHS = NO;
				ASSETCATALOG_COMPILER_GENERATE_SWIFT_ASSET_SYMBOL_EXTENSIONS = YES;
				CLANG_ANALYZER_NONNULL = YES;
				CLANG_ANALYZER_NUMBER_OBJECT_CONVERSION = YES_AGGRESSIVE;
				CLANG_CXX_LANGUAGE_STANDARD = "gnu++20";
				CLANG_ENABLE_MODULES = YES;
				CLANG_ENABLE_OBJC_ARC = YES;
				CLANG_ENABLE_OBJC_WEAK = YES;
				CLANG_WARN_BLOCK_CAPTURE_AUTORELEASING = YES;
				CLANG_WARN_BOOL_CONVERSION = YES;
				CLANG_WARN_COMMA = YES;
				CLANG_WARN_CONSTANT_CONVERSION = YES;
				CLANG_WARN_DEPRECATED_OBJC_IMPLEMENTATIONS = YES;
				CLANG_WARN_DIRECT_OBJC_ISA_USAGE = YES_ERROR;
				CLANG_WARN_DOCUMENTATION_COMMENTS = YES;
				CLANG_WARN_EMPTY_BODY = YES;
				CLANG_WARN_ENUM_CONVERSION = YES;
				CLANG_WARN_INFINITE_RECURSION = YES;
				CLANG_WARN_INT_CONVERSION = YES;
				CLANG_WARN_NON_LITERAL_NULL_CONVERSION = YES;
				CLANG_WARN_OBJC_IMPLICIT_RETAIN_SELF = YES;
				CLANG_WARN_OBJC_LITERAL_CONVERSION = YES;
				CLANG_WARN_OBJC_ROOT_CLASS = YES_ERROR;
				CLANG_WARN_QUOTED_INCLUDE_IN_FRAMEWORK_HEADER = YES;
				CLANG_WARN_RANGE_LOOP_ANALYSIS = YES;
				CLANG_WARN_STRICT_PROTOTYPES = YES;
				CLANG_WARN_SUSPICIOUS_MOVE = YES;
				CLANG_WARN_UNGUARDED_AVAILABILITY = YES_AGGRESSIVE;
				CLANG_WARN_UNREACHABLE_CODE = YES;
				CLANG_WARN__DUPLICATE_METHOD_MATCH = YES;
				COPY_PHASE_STRIP = NO;
				DEBUG_INFORMATION_FORMAT = dwarf;
				DEVELOPMENT_TEAM = CZF7599734;
				ENABLE_STRICT_OBJC_MSGSEND = YES;
				ENABLE_TESTABILITY = YES;
				ENABLE_USER_SCRIPT_SANDBOXING = YES;
				GCC_C_LANGUAGE_STANDARD = gnu17;
				GCC_DYNAMIC_NO_PIC = NO;
				GCC_NO_COMMON_BLOCKS = YES;
				GCC_OPTIMIZATION_LEVEL = 0;
				GCC_PREPROCESSOR_DEFINITIONS = (
					"DEBUG=1",
					"$(inherited)",
				);
				GCC_WARN_64_TO_32_BIT_CONVERSION = YES;
				GCC_WARN_ABOUT_RETURN_TYPE = YES_ERROR;
				GCC_WARN_UNDECLARED_SELECTOR = YES;
				GCC_WARN_UNINITIALIZED_AUTOS = YES_AGGRESSIVE;
				GCC_WARN_UNUSED_FUNCTION = YES;
				GCC_WARN_UNUSED_VARIABLE = YES;
				IPHONEOS_DEPLOYMENT_TARGET = 26.2;
				LOCALIZATION_PREFERS_STRING_CATALOGS = YES;
				MTL_ENABLE_DEBUG_INFO = INCLUDE_SOURCE;
				MTL_FAST_MATH = YES;
				ONLY_ACTIVE_ARCH = YES;
				SDKROOT = iphoneos;
				STRING_CATALOG_GENERATE_SYMBOLS = YES;
				SWIFT_ACTIVE_COMPILATION_CONDITIONS = "DEBUG $(inherited)";
				SWIFT_OPTIMIZATION_LEVEL = "-Onone";
			};
			name = Debug;
		};
		47075A912F0AFC7C00275F98 /* Release */ = {
			isa = XCBuildConfiguration;
			buildSettings = {
				ALWAYS_SEARCH_USER_PATHS = NO;
				ASSETCATALOG_COMPILER_GENERATE_SWIFT_ASSET_SYMBOL_EXTENSIONS = YES;
				CLANG_ANALYZER_NONNULL = YES;
				CLANG_ANALYZER_NUMBER_OBJECT_CONVERSION = YES_AGGRESSIVE;
				CLANG_CXX_LANGUAGE_STANDARD = "gnu++20";
				CLANG_ENABLE_MODULES = YES;
				CLANG_ENABLE_OBJC_ARC = YES;
				CLANG_ENABLE_OBJC_WEAK = YES;
				CLANG_WARN_BLOCK_CAPTURE_AUTORELEASING = YES;
				CLANG_WARN_BOOL_CONVERSION = YES;
				CLANG_WARN_COMMA = YES;
				CLANG_WARN_CONSTANT_CONVERSION = YES;
				CLANG_WARN_DEPRECATED_OBJC_IMPLEMENTATIONS = YES;
				CLANG_WARN_DIRECT_OBJC_ISA_USAGE = YES_ERROR;
				CLANG_WARN_DOCUMENTATION_COMMENTS = YES;
				CLANG_WARN_EMPTY_BODY = YES;
				CLANG_WARN_ENUM_CONVERSION = YES;
				CLANG_WARN_INFINITE_RECURSION = YES;
				CLANG_WARN_INT_CONVERSION = YES;
				CLANG_WARN_NON_LITERAL_NULL_CONVERSION = YES;
				CLANG_WARN_OBJC_IMPLICIT_RETAIN_SELF = YES;
				CLANG_WARN_OBJC_LITERAL_CONVERSION = YES;
				CLANG_WARN_OBJC_ROOT_CLASS = YES_ERROR;
				CLANG_WARN_QUOTED_INCLUDE_IN_FRAMEWORK_HEADER = YES;
				CLANG_WARN_RANGE_LOOP_ANALYSIS = YES;
				CLANG_WARN_STRICT_PROTOTYPES = YES;
				CLANG_WARN_SUSPICIOUS_MOVE = YES;
				CLANG_WARN_UNGUARDED_AVAILABILITY = YES_AGGRESSIVE;
				CLANG_WARN_UNREACHABLE_CODE = YES;
				CLANG_WARN__DUPLICATE_METHOD_MATCH = YES;
				COPY_PHASE_STRIP = NO;
				DEBUG_INFORMATION_FORMAT = "dwarf-with-dsym";
				DEVELOPMENT_TEAM = CZF7599734;
				ENABLE_NS_ASSERTIONS = NO;
				ENABLE_STRICT_OBJC_MSGSEND = YES;
				ENABLE_USER_SCRIPT_SANDBOXING = YES;
				GCC_C_LANGUAGE_STANDARD = gnu17;
				GCC_NO_COMMON_BLOCKS = YES;
				GCC_WARN_64_TO_32_BIT_CONVERSION = YES;
				GCC_WARN_ABOUT_RETURN_TYPE = YES_ERROR;
				GCC_WARN_UNDECLARED_SELECTOR = YES;
				GCC_WARN_UNINITIALIZED_AUTOS = YES_AGGRESSIVE;
				GCC_WARN_UNUSED_FUNCTION = YES;
				GCC_WARN_UNUSED_VARIABLE = YES;
				IPHONEOS_DEPLOYMENT_TARGET = 26.2;
				LOCALIZATION_PREFERS_STRING_CATALOGS = YES;
				MTL_ENABLE_DEBUG_INFO = NO;
				MTL_FAST_MATH = YES;
				SDKROOT = iphoneos;
				STRING_CATALOG_GENERATE_SYMBOLS = YES;
				SWIFT_COMPILATION_MODE = wholemodule;
				VALIDATE_PRODUCT = YES;
			};
			name = Release;
		};
		47075A932F0AFC7C00275F98 /* Debug */ = {
			isa = XCBuildConfiguration;
			buildSettings = {
				ASSETCATALOG_COMPILER_APPICON_NAME = AppIcon;
				ASSETCATALOG_COMPILER_GLOBAL_ACCENT_COLOR_NAME = AccentColor;
				ASSETCATALOG_COMPILER_INCLUDE_ALL_APPICON_ASSETS = NO;
				CODE_SIGN_IDENTITY = "Apple Development";
				CODE_SIGN_STYLE = Automatic;
				CURRENT_PROJECT_VERSION = 1;
				DEVELOPMENT_TEAM = CZF7599734;
				ENABLE_PREVIEWS = YES;
				GENERATE_INFOPLIST_FILE = YES;
				INFOPLIST_FILE = LevelEleven/Info.plist;
				INFOPLIST_KEY_CFBundleDisplayName = level;
				INFOPLIST_KEY_LSApplicationCategoryType = "public.app-category.education";
				INFOPLIST_KEY_NSSupportsLiveActivities = YES;
				INFOPLIST_KEY_UIApplicationSceneManifest_Generation = YES;
				INFOPLIST_KEY_UIApplicationSupportsIndirectInputEvents = YES;
				INFOPLIST_KEY_UILaunchStoryboardName = "";
				INFOPLIST_KEY_UISupportedInterfaceOrientations = "UIInterfaceOrientationPortrait UIInterfaceOrientationPortraitUpsideDown";
				INFOPLIST_KEY_UISupportedInterfaceOrientations_iPad = "UIInterfaceOrientationLandscapeLeft UIInterfaceOrientationLandscapeRight UIInterfaceOrientationPortrait UIInterfaceOrientationPortraitUpsideDown";
				IPHONEOS_DEPLOYMENT_TARGET = 18.6;
				LD_RUNPATH_SEARCH_PATHS = (
					"$(inherited)",
					"@executable_path/Frameworks",
				);
				MARKETING_VERSION = 1.0;
				PRODUCT_BUNDLE_IDENTIFIER = com.xaver.LevelEleven;
				PRODUCT_NAME = "$(TARGET_NAME)";
				PROVISIONING_PROFILE_SPECIFIER = "";
				STRING_CATALOG_GENERATE_SYMBOLS = YES;
				SUPPORTED_PLATFORMS = "iphoneos iphonesimulator";
				SUPPORTS_MACCATALYST = NO;
				SUPPORTS_MAC_DESIGNED_FOR_IPHONE_IPAD = NO;
				SUPPORTS_XR_DESIGNED_FOR_IPHONE_IPAD = NO;
				SWIFT_APPROACHABLE_CONCURRENCY = YES;
				SWIFT_DEFAULT_ACTOR_ISOLATION = MainActor;
				SWIFT_EMIT_LOC_STRINGS = YES;
				SWIFT_UPCOMING_FEATURE_MEMBER_IMPORT_VISIBILITY = YES;
				SWIFT_VERSION = 5.0;
				TARGETED_DEVICE_FAMILY = 1;
			};
			name = Debug;
		};
		47075A942F0AFC7C00275F98 /* Release */ = {
			isa = XCBuildConfiguration;
			buildSettings = {
				ASSETCATALOG_COMPILER_APPICON_NAME = AppIcon;
				ASSETCATALOG_COMPILER_GLOBAL_ACCENT_COLOR_NAME = AccentColor;
				ASSETCATALOG_COMPILER_INCLUDE_ALL_APPICON_ASSETS = NO;
				CODE_SIGN_IDENTITY = "Apple Development";
				CODE_SIGN_STYLE = Automatic;
				CURRENT_PROJECT_VERSION = 1;
				DEVELOPMENT_TEAM = CZF7599734;
				ENABLE_PREVIEWS = YES;
				GENERATE_INFOPLIST_FILE = YES;
				INFOPLIST_FILE = LevelEleven/Info.plist;
				INFOPLIST_KEY_CFBundleDisplayName = level;
				INFOPLIST_KEY_LSApplicationCategoryType = "public.app-category.education";
				INFOPLIST_KEY_NSSupportsLiveActivities = YES;
				INFOPLIST_KEY_UIApplicationSceneManifest_Generation = YES;
				INFOPLIST_KEY_UIApplicationSupportsIndirectInputEvents = YES;
				INFOPLIST_KEY_UILaunchStoryboardName = "";
				INFOPLIST_KEY_UISupportedInterfaceOrientations = "UIInterfaceOrientationPortrait UIInterfaceOrientationPortraitUpsideDown";
				INFOPLIST_KEY_UISupportedInterfaceOrientations_iPad = "UIInterfaceOrientationLandscapeLeft UIInterfaceOrientationLandscapeRight UIInterfaceOrientationPortrait UIInterfaceOrientationPortraitUpsideDown";
				IPHONEOS_DEPLOYMENT_TARGET = 18.6;
				LD_RUNPATH_SEARCH_PATHS = (
					"$(inherited)",
					"@executable_path/Frameworks",
				);
				MARKETING_VERSION = 1.0;
				PRODUCT_BUNDLE_IDENTIFIER = com.xaver.LevelEleven;
				PRODUCT_NAME = "$(TARGET_NAME)";
				PROVISIONING_PROFILE_SPECIFIER = "";
				STRING_CATALOG_GENERATE_SYMBOLS = YES;
				SUPPORTED_PLATFORMS = "iphoneos iphonesimulator";
				SUPPORTS_MACCATALYST = NO;
				SUPPORTS_MAC_DESIGNED_FOR_IPHONE_IPAD = NO;
				SUPPORTS_XR_DESIGNED_FOR_IPHONE_IPAD = NO;
				SWIFT_APPROACHABLE_CONCURRENCY = YES;
				SWIFT_DEFAULT_ACTOR_ISOLATION = MainActor;
				SWIFT_EMIT_LOC_STRINGS = YES;
				SWIFT_UPCOMING_FEATURE_MEMBER_IMPORT_VISIBILITY = YES;
				SWIFT_VERSION = 5.0;
				TARGETED_DEVICE_FAMILY = 1;
			};
			name = Release;
		};
		47075A962F0AFC7C00275F98 /* Debug */ = {
			isa = XCBuildConfiguration;
			buildSettings = {
				BUNDLE_LOADER = "$(TEST_HOST)";
				CODE_SIGN_STYLE = Automatic;
				CURRENT_PROJECT_VERSION = 1;
				DEVELOPMENT_TEAM = CZF7599734;
				GENERATE_INFOPLIST_FILE = YES;
				IPHONEOS_DEPLOYMENT_TARGET = 26.2;
				MARKETING_VERSION = 1.0;
				PRODUCT_BUNDLE_IDENTIFIER = com.xaver.LevelElevenTests;
				PRODUCT_NAME = "$(TARGET_NAME)";
				STRING_CATALOG_GENERATE_SYMBOLS = NO;
				SWIFT_APPROACHABLE_CONCURRENCY = YES;
				SWIFT_EMIT_LOC_STRINGS = NO;
				SWIFT_UPCOMING_FEATURE_MEMBER_IMPORT_VISIBILITY = YES;
				SWIFT_VERSION = 5.0;
				TARGETED_DEVICE_FAMILY = "1,2";
				TEST_HOST = "$(BUILT_PRODUCTS_DIR)/LevelEleven.app/$(BUNDLE_EXECUTABLE_FOLDER_PATH)/LevelEleven";
			};
			name = Debug;
		};
		47075A972F0AFC7C00275F98 /* Release */ = {
			isa = XCBuildConfiguration;
			buildSettings = {
				BUNDLE_LOADER = "$(TEST_HOST)";
				CODE_SIGN_STYLE = Automatic;
				CURRENT_PROJECT_VERSION = 1;
				DEVELOPMENT_TEAM = CZF7599734;
				GENERATE_INFOPLIST_FILE = YES;
				IPHONEOS_DEPLOYMENT_TARGET = 26.2;
				MARKETING_VERSION = 1.0;
				PRODUCT_BUNDLE_IDENTIFIER = com.xaver.LevelElevenTests;
				PRODUCT_NAME = "$(TARGET_NAME)";
				STRING_CATALOG_GENERATE_SYMBOLS = NO;
				SWIFT_APPROACHABLE_CONCURRENCY = YES;
				SWIFT_EMIT_LOC_STRINGS = NO;
				SWIFT_UPCOMING_FEATURE_MEMBER_IMPORT_VISIBILITY = YES;
				SWIFT_VERSION = 5.0;
				TARGETED_DEVICE_FAMILY = "1,2";
				TEST_HOST = "$(BUILT_PRODUCTS_DIR)/LevelEleven.app/$(BUNDLE_EXECUTABLE_FOLDER_PATH)/LevelEleven";
			};
			name = Release;
		};
		47075A992F0AFC7C00275F98 /* Debug */ = {
			isa = XCBuildConfiguration;
			buildSettings = {
				CODE_SIGN_STYLE = Automatic;
				CURRENT_PROJECT_VERSION = 1;
				DEVELOPMENT_TEAM = CZF7599734;
				GENERATE_INFOPLIST_FILE = YES;
				MARKETING_VERSION = 1.0;
				PRODUCT_BUNDLE_IDENTIFIER = com.xaver.LevelElevenUITests;
				PRODUCT_NAME = "$(TARGET_NAME)";
				STRING_CATALOG_GENERATE_SYMBOLS = NO;
				SWIFT_APPROACHABLE_CONCURRENCY = YES;
				SWIFT_EMIT_LOC_STRINGS = NO;
				SWIFT_UPCOMING_FEATURE_MEMBER_IMPORT_VISIBILITY = YES;
				SWIFT_VERSION = 5.0;
				TARGETED_DEVICE_FAMILY = "1,2";
				TEST_TARGET_NAME = LevelEleven;
			};
			name = Debug;
		};
		47075A9A2F0AFC7C00275F98 /* Release */ = {
			isa = XCBuildConfiguration;
			buildSettings = {
				CODE_SIGN_STYLE = Automatic;
				CURRENT_PROJECT_VERSION = 1;
				DEVELOPMENT_TEAM = CZF7599734;
				GENERATE_INFOPLIST_FILE = YES;
				MARKETING_VERSION = 1.0;
				PRODUCT_BUNDLE_IDENTIFIER = com.xaver.LevelElevenUITests;
				PRODUCT_NAME = "$(TARGET_NAME)";
				STRING_CATALOG_GENERATE_SYMBOLS = NO;
				SWIFT_APPROACHABLE_CONCURRENCY = YES;
				SWIFT_EMIT_LOC_STRINGS = NO;
				SWIFT_UPCOMING_FEATURE_MEMBER_IMPORT_VISIBILITY = YES;
				SWIFT_VERSION = 5.0;
				TARGETED_DEVICE_FAMILY = "1,2";
				TEST_TARGET_NAME = LevelEleven;
			};
			name = Release;
		};
		47FF52E92F54D4C10074A26A /* Debug */ = {
			isa = XCBuildConfiguration;
			buildSettings = {
				ASSETCATALOG_COMPILER_GLOBAL_ACCENT_COLOR_NAME = AccentColor;
				ASSETCATALOG_COMPILER_WIDGET_BACKGROUND_COLOR_NAME = WidgetBackground;
				CLANG_ENABLE_MODULES = YES;
				CODE_SIGN_IDENTITY = "Apple Development";
				CODE_SIGN_STYLE = Automatic;
				CURRENT_PROJECT_VERSION = 1;
				DEVELOPMENT_TEAM = CZF7599734;
				GENERATE_INFOPLIST_FILE = YES;
				INFOPLIST_FILE = LevelElevenWidget/Info.plist;
				INFOPLIST_KEY_CFBundleDisplayName = LevelElevenWidget;
				INFOPLIST_KEY_NSHumanReadableCopyright = "";
				LD_RUNPATH_SEARCH_PATHS = (
					"$(inherited)",
					"@executable_path/Frameworks",
					"@executable_path/../../Frameworks",
				);
				MARKETING_VERSION = 1.0;
				PRODUCT_BUNDLE_IDENTIFIER = com.xaver.LevelEleven.LevelElevenWidget;
				PRODUCT_NAME = "$(TARGET_NAME)";
				PROVISIONING_PROFILE_SPECIFIER = "";
				SKIP_INSTALL = YES;
				STRING_CATALOG_GENERATE_SYMBOLS = YES;
				SWIFT_APPROACHABLE_CONCURRENCY = YES;
				SWIFT_EMIT_LOC_STRINGS = YES;
				SWIFT_OPTIMIZATION_LEVEL = "-Onone";
				SWIFT_UPCOMING_FEATURE_MEMBER_IMPORT_VISIBILITY = YES;
				SWIFT_VERSION = 5.0;
				TARGETED_DEVICE_FAMILY = "1,2";
			};
			name = Debug;
		};
		47FF52EA2F54D4C10074A26A /* Release */ = {
			isa = XCBuildConfiguration;
			buildSettings = {
				ASSETCATALOG_COMPILER_GLOBAL_ACCENT_COLOR_NAME = AccentColor;
				ASSETCATALOG_COMPILER_WIDGET_BACKGROUND_COLOR_NAME = WidgetBackground;
				CLANG_ENABLE_MODULES = YES;
				CODE_SIGN_IDENTITY = "Apple Development";
				CODE_SIGN_STYLE = Automatic;
				CURRENT_PROJECT_VERSION = 1;
				DEVELOPMENT_TEAM = CZF7599734;
				GENERATE_INFOPLIST_FILE = YES;
				INFOPLIST_FILE = LevelElevenWidget/Info.plist;
				INFOPLIST_KEY_CFBundleDisplayName = LevelElevenWidget;
				INFOPLIST_KEY_NSHumanReadableCopyright = "";
				LD_RUNPATH_SEARCH_PATHS = (
					"$(inherited)",
					"@executable_path/Frameworks",
					"@executable_path/../../Frameworks",
				);
				MARKETING_VERSION = 1.0;
				PRODUCT_BUNDLE_IDENTIFIER = com.xaver.LevelEleven.LevelElevenWidget;
				PRODUCT_NAME = "$(TARGET_NAME)";
				PROVISIONING_PROFILE_SPECIFIER = "";
				SKIP_INSTALL = YES;
				STRING_CATALOG_GENERATE_SYMBOLS = YES;
				SWIFT_APPROACHABLE_CONCURRENCY = YES;
				SWIFT_EMIT_LOC_STRINGS = YES;
				SWIFT_UPCOMING_FEATURE_MEMBER_IMPORT_VISIBILITY = YES;
				SWIFT_VERSION = 5.0;
				TARGETED_DEVICE_FAMILY = "1,2";
			};
			name = Release;
		};
/* End XCBuildConfiguration section */

/* Begin XCConfigurationList section */
		47075A6C2F0AFC7A00275F98 /* Build configuration list for PBXProject "LevelEleven" */ = {
			isa = XCConfigurationList;
			buildConfigurations = (
				47075A902F0AFC7C00275F98 /* Debug */,
				47075A912F0AFC7C00275F98 /* Release */,
			);
			defaultConfigurationIsVisible = 0;
			defaultConfigurationName = Release;
		};
		47075A922F0AFC7C00275F98 /* Build configuration list for PBXNativeTarget "LevelEleven" */ = {
			isa = XCConfigurationList;
			buildConfigurations = (
				47075A932F0AFC7C00275F98 /* Debug */,
				47075A942F0AFC7C00275F98 /* Release */,
			);
			defaultConfigurationIsVisible = 0;
			defaultConfigurationName = Release;
		};
		47075A952F0AFC7C00275F98 /* Build configuration list for PBXNativeTarget "LevelElevenTests" */ = {
			isa = XCConfigurationList;
			buildConfigurations = (
				47075A962F0AFC7C00275F98 /* Debug */,
				47075A972F0AFC7C00275F98 /* Release */,
			);
			defaultConfigurationIsVisible = 0;
			defaultConfigurationName = Release;
		};
		47075A982F0AFC7C00275F98 /* Build configuration list for PBXNativeTarget "LevelElevenUITests" */ = {
			isa = XCConfigurationList;
			buildConfigurations = (
				47075A992F0AFC7C00275F98 /* Debug */,
				47075A9A2F0AFC7C00275F98 /* Release */,
			);
			defaultConfigurationIsVisible = 0;
			defaultConfigurationName = Release;
		};
		47FF52E82F54D4C10074A26A /* Build configuration list for PBXNativeTarget "LevelElevenWidgetExtension" */ = {
			isa = XCConfigurationList;
			buildConfigurations = (
				47FF52E92F54D4C10074A26A /* Debug */,
				47FF52EA2F54D4C10074A26A /* Release */,
			);
			defaultConfigurationIsVisible = 0;
			defaultConfigurationName = Release;
		};
/* End XCConfigurationList section */
	};
	rootObject = 47075A692F0AFC7A00275F98 /* Project object */;
}
